{
    "_meta": {
        "hash": {
            "sha256": "b1d677559926ac7481dfafe1c8e61fd3ce24cdce26343f2257af3e605be38902"
        },
        "pipfile-spec": 6,
        "requires": {
            "python_version": "3.10"
        },
        "sources": [
            {
                "name": "pypi",
                "url": "https://pypi.org/simple",
                "verify_ssl": true
            }
        ]
    },
    "default": {
        "certifi": {
            "hashes": [
                "sha256:0d9c601124e5a6ba9712dbc60d9c53c21e34f5f641fe83002317394311bdce14",
                "sha256:90c1a32f1d68f940488354e36370f6cca89f0f106db09518524c88d6ed83f382"
            ],
            "markers": "python_version >= '3.6'",
            "version": "==2022.9.24"
        },
        "charset-normalizer": {
            "hashes": [
                "sha256:5a3d016c7c547f69d6f81fb0db9449ce888b418b5b9952cc5e6e66843e9dd845",
                "sha256:83e9a75d1911279afd89352c68b45348559d1fc0506b054b346651b5e7fee29f"
            ],
            "markers": "python_full_version >= '3.6.0'",
            "version": "==2.1.1"
        },
        "cytolk": {
            "hashes": [
                "sha256:3f743915d6091cb39eba534c9af2cbd3f02a1d8af19a97cd8faec58dbbb5d542",
                "sha256:489bbe7d211aaa0ddd0ff5544039c0eb0a25f713c7a53478b66101d29c565014",
                "sha256:4c53a8ddde76a71dae9697108a18276ee81dd01f58a0148626c52e2032a1267e",
                "sha256:55d4bdcc8c7bf4f4846e4d66936e332cfcf227482ff08edb17bd222f52bf63ca",
                "sha256:6fe8f91dde67624d225913454fb87ac19f30cc23f5be1a987f54cfb8df567099",
                "sha256:718ac2cbf204f350779a948cd0091dffecbe7c9a9bf49142b77334c84e23c7b1",
                "sha256:84d3915dd4f8278efc9c8c68d57afde6a1cf08e3f1fc0c7c8f1e115e742c4d50",
                "sha256:935d90e95cf0ac98724751782ca1372d421619710f136361e96b4d38d4974382",
                "sha256:a1f5a0d001f980fddb4aeba915750faf3d75a1424a3feb61454e65fa04e4fefb",
                "sha256:fa18616a1f5f919e8b7454b87e1d42ba129402f99c170b9ceccd0de37a92fd5f"
            ],
            "index": "pypi",
            "version": "==0.1.11"
        },
        "idna": {
            "hashes": [
                "sha256:814f528e8dead7d329833b91c5faa87d60bf71824cd12a7530b5526063d02cb4",
                "sha256:90b77e79eaa3eba6de819a0c442c0b4ceefc341a7a2ab77d7562bf49f425c5c2"
            ],
            "markers": "python_version >= '3.5'",
            "version": "==3.4"
        },
        "praw": {
            "hashes": [
                "sha256:0d8a75c8c9f78c0101f31653b68d23d0d9cee9a6ada7910f809610edcd905090",
                "sha256:3eeebe093f2d905b6c99e18aa8c8f64071b2e7a05e60b618166ee53397cdae72"
            ],
            "index": "pypi",
            "version": "==7.6.0"
        },
        "prawcore": {
            "hashes": [
                "sha256:48c17db447fa06a13ca3e722201f443031437708daa736c05a1df895fbcceff5",
                "sha256:daf1ccd4b7a80dc4e6567d48336d782e94a9a6dad83770fc2edf76dc9a84f56d"
            ],
            "markers": "python_version ~= '3.6'",
            "version": "==2.3.0"
        },
        "pyglet": {
            "hashes": [
                "sha256:42dca924cef1f7b7027dddadd7bd9f3568203952fb60784dea8ad0ad86a16124",
                "sha256:da3069e51d2241b122995982ef99f3eb1226477b3a704920a2e4e649778d09ad"
            ],
            "index": "pypi",
            "version": "==2.0.0"
        },
        "requests": {
            "hashes": [
                "sha256:7c5599b102feddaa661c826c56ab4fee28bfd17f5abca1ebbe3e7f19d7c97983",
                "sha256:8fefa2a1a1365bf5520aac41836fbee479da67864514bdb821f31ce07ce65349"
            ],
            "markers": "python_version >= '3.7' and python_version < '4'",
            "version": "==2.28.1"
        },
        "update-checker": {
            "hashes": [
                "sha256:6a2d45bb4ac585884a6b03f9eade9161cedd9e8111545141e9aa9058932acb13",
                "sha256:cbba64760a36fe2640d80d85306e8fe82b6816659190993b7bdabadee4d4bbfd"
            ],
            "version": "==0.18.0"
        },
        "urllib3": {
            "hashes": [
                "sha256:3fa96cf423e6987997fc326ae8df396db2a8b7c667747d47ddd8ecba91f4a74e",
                "sha256:b930dd878d5a8afb066a637fbb35144fe7901e3b209d1cd4f524bd0e9deee997"
            ],
            "markers": "python_version >= '2.7' and python_version not in '3.0, 3.1, 3.2, 3.3, 3.4, 3.5' and python_version < '4'",
            "version": "==1.26.12"
        },
        "websocket-client": {
            "hashes": [
                "sha256:398909eb7e261f44b8f4bd474785b6ec5f5b499d4953342fe9755e01ef624090",
                "sha256:f9611eb65c8241a67fb373bef040b3cf8ad377a9f6546a12b620b6511e8ea9ef"
            ],
            "markers": "python_version >= '3.7'",
            "version": "==1.4.1"
        }
    },
    "develop": {}
}
