{
    "_meta": {
        "hash": {
            "sha256": "cb71a492b3dcb84d79d20159ff363bf02553bd436cacac3618dc19642862e7d4"
        },
        "pipfile-spec": 6,
        "requires": {
            "python_version": "3.10"
        },
        "sources": [
            {
                "name": "pypi",
                "url": "https://pypi.org/simple",
                "verify_ssl": true
            }
        ]
    },
    "default": {
        "cytolk": {
            "hashes": [
                "sha256:3f743915d6091cb39eba534c9af2cbd3f02a1d8af19a97cd8faec58dbbb5d542",
                "sha256:489bbe7d211aaa0ddd0ff5544039c0eb0a25f713c7a53478b66101d29c565014",
                "sha256:4c53a8ddde76a71dae9697108a18276ee81dd01f58a0148626c52e2032a1267e",
                "sha256:55d4bdcc8c7bf4f4846e4d66936e332cfcf227482ff08edb17bd222f52bf63ca",
                "sha256:6fe8f91dde67624d225913454fb87ac19f30cc23f5be1a987f54cfb8df567099",
                "sha256:718ac2cbf204f350779a948cd0091dffecbe7c9a9bf49142b77334c84e23c7b1",
                "sha256:84d3915dd4f8278efc9c8c68d57afde6a1cf08e3f1fc0c7c8f1e115e742c4d50",
                "sha256:935d90e95cf0ac98724751782ca1372d421619710f136361e96b4d38d4974382",
                "sha256:a1f5a0d001f980fddb4aeba915750faf3d75a1424a3feb61454e65fa04e4fefb",
                "sha256:fa18616a1f5f919e8b7454b87e1d42ba129402f99c170b9ceccd0de37a92fd5f"
            ],
            "index": "pypi",
            "version": "==0.1.11"
        },
        "pyglet": {
            "hashes": [
                "sha256:42dca924cef1f7b7027dddadd7bd9f3568203952fb60784dea8ad0ad86a16124",
                "sha256:da3069e51d2241b122995982ef99f3eb1226477b3a704920a2e4e649778d09ad"
            ],
            "index": "pypi",
            "version": "==2.0.0"
        }
    },
    "develop": {}
}
